
Microsoft Visual Studio Solution File, Format Version 12.00
# Visual Studio 14
VisualStudioVersion = 14.0.25420.1
MinimumVisualStudioVersion = 10.0.40219.1
Project("{FAE04EC0-301F-11D3-BF4B-00C04F79EFBC}") = "RealEstate", "RealEstate\RealEstate.csproj", "{4E654B24-EC9B-446C-AEDD-24BD4DB1D66E}"
EndProject
Project("{FAE04EC0-301F-11D3-BF4B-00C04F79EFBC}") = "RealEstate.Tests", "RealEstate.Tests\RealEstate.Tests.csproj", "{6269058E-CF21-47D9-8BCE-5FAEEFF62D6E}"
EndProject
Global
	GlobalSection(SolutionConfigurationPlatforms) = preSolution
		Debug|Any CPU = Debug|Any CPU
		Release|Any CPU = Release|Any CPU
	EndGlobalSection
	GlobalSection(ProjectConfigurationPlatforms) = postSolution
		{4E654B24-EC9B-446C-AEDD-24BD4DB1D66E}.Debug|Any CPU.ActiveCfg = Debug|Any CPU
		{4E654B24-EC9B-446C-AEDD-24BD4DB1D66E}.Debug|Any CPU.Build.0 = Debug|Any CPU
		{4E654B24-EC9B-446C-AEDD-24BD4DB1D66E}.Release|Any CPU.ActiveCfg = Release|Any CPU
		{4E654B24-EC9B-446C-AEDD-24BD4DB1D66E}.Release|Any CPU.Build.0 = Release|Any CPU
		{6269058E-CF21-47D9-8BCE-5FAEEFF62D6E}.Debug|Any CPU.ActiveCfg = Debug|Any CPU
		{6269058E-CF21-47D9-8BCE-5FAEEFF62D6E}.Debug|Any CPU.Build.0 = Debug|Any CPU
		{6269058E-CF21-47D9-8BCE-5FAEEFF62D6E}.Release|Any CPU.ActiveCfg = Release|Any CPU
		{6269058E-CF21-47D9-8BCE-5FAEEFF62D6E}.Release|Any CPU.Build.0 = Release|Any CPU
	EndGlobalSection
	GlobalSection(SolutionProperties) = preSolution
		HideSolutionNode = FALSE
	EndGlobalSection
EndGlobal
